// !$*UTF8*$!
{
	archiveVersion = 1;
	classes = {
	};
	objectVersion = 50;
	objects = {

/* Begin PBXBuildFile section */
		56EE7E91469C8482E035DD22 /* Pods_ShopifyTests.framework in Frameworks */ = {isa = PBXBuildFile; fileRef = EF81066D9213D346C7DEFFA5 /* Pods_ShopifyTests.framework */; };
		628E38750558A65C515B3C55 /* Pods_Shopify.framework in Frameworks */ = {isa = PBXBuildFile; fileRef = 4A51F21D48F164656843DE76 /* Pods_Shopify.framework */; };
		9411D5212A685E62828033D9 /* Pods_ShopifyUITests.framework in Frameworks */ = {isa = PBXBuildFile; fileRef = D704A4C5E17B7E6D0A377182 /* Pods_ShopifyUITests.framework */; };
		B805299A224CF89600949272 /* CustomCollectionsTableCellTableViewCell.swift in Sources */ = {isa = PBXBuildFile; fileRef = B8052999224CF89600949272 /* CustomCollectionsTableCellTableViewCell.swift */; };
		B84EC153224D00C70087764B /* CollectionDetailsViewController.swift in Sources */ = {isa = PBXBuildFile; fileRef = B84EC152224D00C70087764B /* CollectionDetailsViewController.swift */; };
		B84EC155224D01170087764B /* CollectionDetailsCellCollectionViewCell.swift in Sources */ = {isa = PBXBuildFile; fileRef = B84EC154224D01170087764B /* CollectionDetailsCellCollectionViewCell.swift */; };
		B84EC158224D2DAF0087764B /* Int+Extension.swift in Sources */ = {isa = PBXBuildFile; fileRef = B84EC157224D2DAF0087764B /* Int+Extension.swift */; };
		B87856CC224BEC5900E3148F /* AppDelegate.swift in Sources */ = {isa = PBXBuildFile; fileRef = B87856CB224BEC5900E3148F /* AppDelegate.swift */; };
		B87856D1224BEC5900E3148F /* Main.storyboard in Resources */ = {isa = PBXBuildFile; fileRef = B87856CF224BEC5900E3148F /* Main.storyboard */; };
		B87856D3224BEC5B00E3148F /* Assets.xcassets in Resources */ = {isa = PBXBuildFile; fileRef = B87856D2224BEC5B00E3148F /* Assets.xcassets */; };
		B87856D6224BEC5B00E3148F /* LaunchScreen.storyboard in Resources */ = {isa = PBXBuildFile; fileRef = B87856D4224BEC5B00E3148F /* LaunchScreen.storyboard */; };
		B87856E1224BEC5B00E3148F /* ShopifyTests.swift in Sources */ = {isa = PBXBuildFile; fileRef = B87856E0224BEC5B00E3148F /* ShopifyTests.swift */; };
		B87856EC224BEC5B00E3148F /* ShopifyUITests.swift in Sources */ = {isa = PBXBuildFile; fileRef = B87856EB224BEC5B00E3148F /* ShopifyUITests.swift */; };
		B8785701224BF12800E3148F /* Collection.swift in Sources */ = {isa = PBXBuildFile; fileRef = B8785700224BF12800E3148F /* Collection.swift */; };
		B8785703224BFE3200E3148F /* CollectionServices.swift in Sources */ = {isa = PBXBuildFile; fileRef = B8785702224BFE3200E3148F /* CollectionServices.swift */; };
		B8785705224C544C00E3148F /* CustomCollectionsViewController.swift in Sources */ = {isa = PBXBuildFile; fileRef = B8785704224C544C00E3148F /* CustomCollectionsViewController.swift */; };
		B8785707224C5D8700E3148F /* Collect.swift in Sources */ = {isa = PBXBuildFile; fileRef = B8785706224C5D8700E3148F /* Collect.swift */; };
		B8785709224C5F7700E3148F /* Product.swift in Sources */ = {isa = PBXBuildFile; fileRef = B8785708224C5F7700E3148F /* Product.swift */; };
		B878570B224C608B00E3148F /* Variant.swift in Sources */ = {isa = PBXBuildFile; fileRef = B878570A224C608B00E3148F /* Variant.swift */; };
		B8A086E6224DC71300C5D026 /* Image.swift in Sources */ = {isa = PBXBuildFile; fileRef = B8A086E5224DC71300C5D026 /* Image.swift */; };
		B8C93104224D86B600BFE2B3 /* CustomCollection+Extension.swift in Sources */ = {isa = PBXBuildFile; fileRef = B8C93103224D86B600BFE2B3 /* CustomCollection+Extension.swift */; };
		B8C93106224D87EC00BFE2B3 /* CollectionDetails+Extension.swift in Sources */ = {isa = PBXBuildFile; fileRef = B8C93105224D87EC00BFE2B3 /* CollectionDetails+Extension.swift */; };
		B8C93108224D89D400BFE2B3 /* HTTPNetworkError.swift in Sources */ = {isa = PBXBuildFile; fileRef = B8C93107224D89D400BFE2B3 /* HTTPNetworkError.swift */; };
		B8C9310A224D89DC00BFE2B3 /* HTTPNetworkRequest.swift in Sources */ = {isa = PBXBuildFile; fileRef = B8C93109224D89DC00BFE2B3 /* HTTPNetworkRequest.swift */; };
		B8C9310C224D89E800BFE2B3 /* HTTPNewtorkResponse.swift in Sources */ = {isa = PBXBuildFile; fileRef = B8C9310B224D89E800BFE2B3 /* HTTPNewtorkResponse.swift */; };
		B8C9310E224D89EF00BFE2B3 /* HTTPNetworkRoute.swift in Sources */ = {isa = PBXBuildFile; fileRef = B8C9310D224D89EF00BFE2B3 /* HTTPNetworkRoute.swift */; };
		B8C93110224D89F400BFE2B3 /* Result.swift in Sources */ = {isa = PBXBuildFile; fileRef = B8C9310F224D89F400BFE2B3 /* Result.swift */; };
/* End PBXBuildFile section */

/* Begin PBXContainerItemProxy section */
		B87856DD224BEC5B00E3148F /* PBXContainerItemProxy */ = {
			isa = PBXContainerItemProxy;
			containerPortal = B87856C0224BEC5900E3148F /* Project object */;
			proxyType = 1;
			remoteGlobalIDString = B87856C7224BEC5900E3148F;
			remoteInfo = Shopify;
		};
		B87856E8224BEC5B00E3148F /* PBXContainerItemProxy */ = {
			isa = PBXContainerItemProxy;
			containerPortal = B87856C0224BEC5900E3148F /* Project object */;
			proxyType = 1;
			remoteGlobalIDString = B87856C7224BEC5900E3148F;
			remoteInfo = Shopify;
		};
/* End PBXContainerItemProxy section */

/* Begin PBXFileReference section */
		255D885FD5B682D80E80B89F /* Pods-ShopifyUITests.release.xcconfig */ = {isa = PBXFileReference; includeInIndex = 1; lastKnownFileType = text.xcconfig; name = "Pods-ShopifyUITests.release.xcconfig"; path = "Target Support Files/Pods-ShopifyUITests/Pods-ShopifyUITests.release.xcconfig"; sourceTree = "<group>"; };
		4A51F21D48F164656843DE76 /* Pods_Shopify.framework */ = {isa = PBXFileReference; explicitFileType = wrapper.framework; includeInIndex = 0; path = Pods_Shopify.framework; sourceTree = BUILT_PRODUCTS_DIR; };
		81CB340BAEE43205D8D57835 /* Pods-ShopifyTests.release.xcconfig */ = {isa = PBXFileReference; includeInIndex = 1; lastKnownFileType = text.xcconfig; name = "Pods-ShopifyTests.release.xcconfig"; path = "Target Support Files/Pods-ShopifyTests/Pods-ShopifyTests.release.xcconfig"; sourceTree = "<group>"; };
		B8052999224CF89600949272 /* CustomCollectionsTableCellTableViewCell.swift */ = {isa = PBXFileReference; lastKnownFileType = sourcecode.swift; path = CustomCollectionsTableCellTableViewCell.swift; sourceTree = "<group>"; };
		B84EC152224D00C70087764B /* CollectionDetailsViewController.swift */ = {isa = PBXFileReference; lastKnownFileType = sourcecode.swift; path = CollectionDetailsViewController.swift; sourceTree = "<group>"; };
		B84EC154224D01170087764B /* CollectionDetailsCellCollectionViewCell.swift */ = {isa = PBXFileReference; lastKnownFileType = sourcecode.swift; path = CollectionDetailsCellCollectionViewCell.swift; sourceTree = "<group>"; };
		B84EC157224D2DAF0087764B /* Int+Extension.swift */ = {isa = PBXFileReference; lastKnownFileType = sourcecode.swift; path = "Int+Extension.swift"; sourceTree = "<group>"; };
		B87856C8224BEC5900E3148F /* Shopify.app */ = {isa = PBXFileReference; explicitFileType = wrapper.application; includeInIndex = 0; path = Shopify.app; sourceTree = BUILT_PRODUCTS_DIR; };
		B87856CB224BEC5900E3148F /* AppDelegate.swift */ = {isa = PBXFileReference; lastKnownFileType = sourcecode.swift; path = AppDelegate.swift; sourceTree = "<group>"; };
		B87856D0224BEC5900E3148F /* Base */ = {isa = PBXFileReference; lastKnownFileType = file.storyboard; name = Base; path = Base.lproj/Main.storyboard; sourceTree = "<group>"; };
		B87856D2224BEC5B00E3148F /* Assets.xcassets */ = {isa = PBXFileReference; lastKnownFileType = folder.assetcatalog; path = Assets.xcassets; sourceTree = "<group>"; };
		B87856D5224BEC5B00E3148F /* Base */ = {isa = PBXFileReference; lastKnownFileType = file.storyboard; name = Base; path = Base.lproj/LaunchScreen.storyboard; sourceTree = "<group>"; };
		B87856D7224BEC5B00E3148F /* Info.plist */ = {isa = PBXFileReference; lastKnownFileType = text.plist.xml; path = Info.plist; sourceTree = "<group>"; };
		B87856DC224BEC5B00E3148F /* ShopifyTests.xctest */ = {isa = PBXFileReference; explicitFileType = wrapper.cfbundle; includeInIndex = 0; path = ShopifyTests.xctest; sourceTree = BUILT_PRODUCTS_DIR; };
		B87856E0224BEC5B00E3148F /* ShopifyTests.swift */ = {isa = PBXFileReference; lastKnownFileType = sourcecode.swift; path = ShopifyTests.swift; sourceTree = "<group>"; };
		B87856E2224BEC5B00E3148F /* Info.plist */ = {isa = PBXFileReference; lastKnownFileType = text.plist.xml; path = Info.plist; sourceTree = "<group>"; };
		B87856E7224BEC5B00E3148F /* ShopifyUITests.xctest */ = {isa = PBXFileReference; explicitFileType = wrapper.cfbundle; includeInIndex = 0; path = ShopifyUITests.xctest; sourceTree = BUILT_PRODUCTS_DIR; };
		B87856EB224BEC5B00E3148F /* ShopifyUITests.swift */ = {isa = PBXFileReference; lastKnownFileType = sourcecode.swift; path = ShopifyUITests.swift; sourceTree = "<group>"; };
		B87856ED224BEC5B00E3148F /* Info.plist */ = {isa = PBXFileReference; lastKnownFileType = text.plist.xml; path = Info.plist; sourceTree = "<group>"; };
		B8785700224BF12800E3148F /* Collection.swift */ = {isa = PBXFileReference; lastKnownFileType = sourcecode.swift; path = Collection.swift; sourceTree = "<group>"; };
		B8785702224BFE3200E3148F /* CollectionServices.swift */ = {isa = PBXFileReference; lastKnownFileType = sourcecode.swift; path = CollectionServices.swift; sourceTree = "<group>"; };
		B8785704224C544C00E3148F /* CustomCollectionsViewController.swift */ = {isa = PBXFileReference; lastKnownFileType = sourcecode.swift; path = CustomCollectionsViewController.swift; sourceTree = "<group>"; };
		B8785706224C5D8700E3148F /* Collect.swift */ = {isa = PBXFileReference; lastKnownFileType = sourcecode.swift; path = Collect.swift; sourceTree = "<group>"; };
		B8785708224C5F7700E3148F /* Product.swift */ = {isa = PBXFileReference; lastKnownFileType = sourcecode.swift; path = Product.swift; sourceTree = "<group>"; };
		B878570A224C608B00E3148F /* Variant.swift */ = {isa = PBXFileReference; lastKnownFileType = sourcecode.swift; path = Variant.swift; sourceTree = "<group>"; };
		B8A086E5224DC71300C5D026 /* Image.swift */ = {isa = PBXFileReference; lastKnownFileType = sourcecode.swift; path = Image.swift; sourceTree = "<group>"; };
		B8C93103224D86B600BFE2B3 /* CustomCollection+Extension.swift */ = {isa = PBXFileReference; lastKnownFileType = sourcecode.swift; path = "CustomCollection+Extension.swift"; sourceTree = "<group>"; };
		B8C93105224D87EC00BFE2B3 /* CollectionDetails+Extension.swift */ = {isa = PBXFileReference; lastKnownFileType = sourcecode.swift; path = "CollectionDetails+Extension.swift"; sourceTree = "<group>"; };
		B8C93107224D89D400BFE2B3 /* HTTPNetworkError.swift */ = {isa = PBXFileReference; fileEncoding = 4; lastKnownFileType = sourcecode.swift; path = HTTPNetworkError.swift; sourceTree = "<group>"; };
		B8C93109224D89DC00BFE2B3 /* HTTPNetworkRequest.swift */ = {isa = PBXFileReference; fileEncoding = 4; lastKnownFileType = sourcecode.swift; path = HTTPNetworkRequest.swift; sourceTree = "<group>"; };
		B8C9310B224D89E800BFE2B3 /* HTTPNewtorkResponse.swift */ = {isa = PBXFileReference; fileEncoding = 4; lastKnownFileType = sourcecode.swift; path = HTTPNewtorkResponse.swift; sourceTree = "<group>"; };
		B8C9310D224D89EF00BFE2B3 /* HTTPNetworkRoute.swift */ = {isa = PBXFileReference; fileEncoding = 4; lastKnownFileType = sourcecode.swift; path = HTTPNetworkRoute.swift; sourceTree = "<group>"; };
		B8C9310F224D89F400BFE2B3 /* Result.swift */ = {isa = PBXFileReference; fileEncoding = 4; lastKnownFileType = sourcecode.swift; path = Result.swift; sourceTree = "<group>"; };
		BA74A32C6A43DB1F891403BC /* Pods-ShopifyUITests.debug.xcconfig */ = {isa = PBXFileReference; includeInIndex = 1; lastKnownFileType = text.xcconfig; name = "Pods-ShopifyUITests.debug.xcconfig"; path = "Target Support Files/Pods-ShopifyUITests/Pods-ShopifyUITests.debug.xcconfig"; sourceTree = "<group>"; };
		C982501174884FB1FFFAE763 /* Pods-Shopify.debug.xcconfig */ = {isa = PBXFileReference; includeInIndex = 1; lastKnownFileType = text.xcconfig; name = "Pods-Shopify.debug.xcconfig"; path = "Target Support Files/Pods-Shopify/Pods-Shopify.debug.xcconfig"; sourceTree = "<group>"; };
		D4031595D294F4A20F1B565B /* Pods-Shopify.release.xcconfig */ = {isa = PBXFileReference; includeInIndex = 1; lastKnownFileType = text.xcconfig; name = "Pods-Shopify.release.xcconfig"; path = "Target Support Files/Pods-Shopify/Pods-Shopify.release.xcconfig"; sourceTree = "<group>"; };
		D704A4C5E17B7E6D0A377182 /* Pods_ShopifyUITests.framework */ = {isa = PBXFileReference; explicitFileType = wrapper.framework; includeInIndex = 0; path = Pods_ShopifyUITests.framework; sourceTree = BUILT_PRODUCTS_DIR; };
		EF0862EC2B45639B8A8F2CBE /* Pods-ShopifyTests.debug.xcconfig */ = {isa = PBXFileReference; includeInIndex = 1; lastKnownFileType = text.xcconfig; name = "Pods-ShopifyTests.debug.xcconfig"; path = "Target Support Files/Pods-ShopifyTests/Pods-ShopifyTests.debug.xcconfig"; sourceTree = "<group>"; };
		EF81066D9213D346C7DEFFA5 /* Pods_ShopifyTests.framework */ = {isa = PBXFileReference; explicitFileType = wrapper.framework; includeInIndex = 0; path = Pods_ShopifyTests.framework; sourceTree = BUILT_PRODUCTS_DIR; };
/* End PBXFileReference section */

/* Begin PBXFrameworksBuildPhase section */
		B87856C5224BEC5900E3148F /* Frameworks */ = {
			isa = PBXFrameworksBuildPhase;
			buildActionMask = 2147483647;
			files = (
				628E38750558A65C515B3C55 /* Pods_Shopify.framework in Frameworks */,
			);
			runOnlyForDeploymentPostprocessing = 0;
		};
		B87856D9224BEC5B00E3148F /* Frameworks */ = {
			isa = PBXFrameworksBuildPhase;
			buildActionMask = 2147483647;
			files = (
				56EE7E91469C8482E035DD22 /* Pods_ShopifyTests.framework in Frameworks */,
			);
			runOnlyForDeploymentPostprocessing = 0;
		};
		B87856E4224BEC5B00E3148F /* Frameworks */ = {
			isa = PBXFrameworksBuildPhase;
			buildActionMask = 2147483647;
			files = (
				9411D5212A685E62828033D9 /* Pods_ShopifyUITests.framework in Frameworks */,
			);
			runOnlyForDeploymentPostprocessing = 0;
		};
/* End PBXFrameworksBuildPhase section */

/* Begin PBXGroup section */
		475CBB23C33811D75C00A03B /* Pods */ = {
			isa = PBXGroup;
			children = (
				C982501174884FB1FFFAE763 /* Pods-Shopify.debug.xcconfig */,
				D4031595D294F4A20F1B565B /* Pods-Shopify.release.xcconfig */,
				EF0862EC2B45639B8A8F2CBE /* Pods-ShopifyTests.debug.xcconfig */,
				81CB340BAEE43205D8D57835 /* Pods-ShopifyTests.release.xcconfig */,
				BA74A32C6A43DB1F891403BC /* Pods-ShopifyUITests.debug.xcconfig */,
				255D885FD5B682D80E80B89F /* Pods-ShopifyUITests.release.xcconfig */,
			);
			path = Pods;
			sourceTree = "<group>";
		};
		B84EC156224D2D8E0087764B /* Extensions */ = {
			isa = PBXGroup;
			children = (
				B84EC157224D2DAF0087764B /* Int+Extension.swift */,
				B8C93103224D86B600BFE2B3 /* CustomCollection+Extension.swift */,
				B8C93105224D87EC00BFE2B3 /* CollectionDetails+Extension.swift */,
			);
			path = Extensions;
			sourceTree = "<group>";
		};
		B87856BF224BEC5900E3148F = {
			isa = PBXGroup;
			children = (
				B87856CA224BEC5900E3148F /* Shopify */,
				B87856DF224BEC5B00E3148F /* ShopifyTests */,
				B87856EA224BEC5B00E3148F /* ShopifyUITests */,
				B87856C9224BEC5900E3148F /* Products */,
				475CBB23C33811D75C00A03B /* Pods */,
				E11B27E974533B31BD07E663 /* Frameworks */,
			);
			sourceTree = "<group>";
		};
		B87856C9224BEC5900E3148F /* Products */ = {
			isa = PBXGroup;
			children = (
				B87856C8224BEC5900E3148F /* Shopify.app */,
				B87856DC224BEC5B00E3148F /* ShopifyTests.xctest */,
				B87856E7224BEC5B00E3148F /* ShopifyUITests.xctest */,
			);
			name = Products;
			sourceTree = "<group>";
		};
		B87856CA224BEC5900E3148F /* Shopify */ = {
			isa = PBXGroup;
			children = (
				B84EC156224D2D8E0087764B /* Extensions */,
				B87856FD224BEDB800E3148F /* Supporting Files */,
				B87856FC224BEDAC00E3148F /* Networking */,
				B87856FB224BEDA600E3148F /* Views */,
				B87856FA224BEDA000E3148F /* Models */,
				B87856F9224BED9900E3148F /* Controlles */,
				B87856CF224BEC5900E3148F /* Main.storyboard */,
				B87856D2224BEC5B00E3148F /* Assets.xcassets */,
				B87856D4224BEC5B00E3148F /* LaunchScreen.storyboard */,
				B87856D7224BEC5B00E3148F /* Info.plist */,
			);
			path = Shopify;
			sourceTree = "<group>";
		};
		B87856DF224BEC5B00E3148F /* ShopifyTests */ = {
			isa = PBXGroup;
			children = (
				B87856E0224BEC5B00E3148F /* ShopifyTests.swift */,
				B87856E2224BEC5B00E3148F /* Info.plist */,
			);
			path = ShopifyTests;
			sourceTree = "<group>";
		};
		B87856EA224BEC5B00E3148F /* ShopifyUITests */ = {
			isa = PBXGroup;
			children = (
				B87856EB224BEC5B00E3148F /* ShopifyUITests.swift */,
				B87856ED224BEC5B00E3148F /* Info.plist */,
			);
			path = ShopifyUITests;
			sourceTree = "<group>";
		};
		B87856F9224BED9900E3148F /* Controlles */ = {
			isa = PBXGroup;
			children = (
				B8785704224C544C00E3148F /* CustomCollectionsViewController.swift */,
				B84EC152224D00C70087764B /* CollectionDetailsViewController.swift */,
			);
			path = Controlles;
			sourceTree = "<group>";
		};
		B87856FA224BEDA000E3148F /* Models */ = {
			isa = PBXGroup;
			children = (
				B8785700224BF12800E3148F /* Collection.swift */,
				B8785706224C5D8700E3148F /* Collect.swift */,
				B8785708224C5F7700E3148F /* Product.swift */,
				B878570A224C608B00E3148F /* Variant.swift */,
				B8A086E5224DC71300C5D026 /* Image.swift */,
			);
			path = Models;
			sourceTree = "<group>";
		};
		B87856FB224BEDA600E3148F /* Views */ = {
			isa = PBXGroup;
			children = (
				B8052999224CF89600949272 /* CustomCollectionsTableCellTableViewCell.swift */,
				B84EC154224D01170087764B /* CollectionDetailsCellCollectionViewCell.swift */,
			);
			path = Views;
			sourceTree = "<group>";
		};
		B87856FC224BEDAC00E3148F /* Networking */ = {
			isa = PBXGroup;
			children = (
				B87856FF224BF01C00E3148F /* HTTP */,
				B87856FE224BF01100E3148F /* Services */,
			);
			path = Networking;
			sourceTree = "<group>";
		};
		B87856FD224BEDB800E3148F /* Supporting Files */ = {
			isa = PBXGroup;
			children = (
				B87856CB224BEC5900E3148F /* AppDelegate.swift */,
			);
			path = "Supporting Files";
			sourceTree = "<group>";
		};
		B87856FE224BF01100E3148F /* Services */ = {
			isa = PBXGroup;
			children = (
				B8785702224BFE3200E3148F /* CollectionServices.swift */,
			);
			path = Services;
			sourceTree = "<group>";
		};
		B87856FF224BF01C00E3148F /* HTTP */ = {
			isa = PBXGroup;
			children = (
				B8C93107224D89D400BFE2B3 /* HTTPNetworkError.swift */,
				B8C93109224D89DC00BFE2B3 /* HTTPNetworkRequest.swift */,
				B8C9310D224D89EF00BFE2B3 /* HTTPNetworkRoute.swift */,
				B8C9310B224D89E800BFE2B3 /* HTTPNewtorkResponse.swift */,
				B8C9310F224D89F400BFE2B3 /* Result.swift */,
			);
			path = HTTP;
			sourceTree = "<group>";
		};
		E11B27E974533B31BD07E663 /* Frameworks */ = {
			isa = PBXGroup;
			children = (
				4A51F21D48F164656843DE76 /* Pods_Shopify.framework */,
				EF81066D9213D346C7DEFFA5 /* Pods_ShopifyTests.framework */,
				D704A4C5E17B7E6D0A377182 /* Pods_ShopifyUITests.framework */,
			);
			name = Frameworks;
			sourceTree = "<group>";
		};
/* End PBXGroup section */

/* Begin PBXNativeTarget section */
		B87856C7224BEC5900E3148F /* Shopify */ = {
			isa = PBXNativeTarget;
			buildConfigurationList = B87856F0224BEC5B00E3148F /* Build configuration list for PBXNativeTarget "Shopify" */;
			buildPhases = (
				292AC6E5DEF822740440DA7D /* [CP] Check Pods Manifest.lock */,
				B87856C4224BEC5900E3148F /* Sources */,
				B87856C5224BEC5900E3148F /* Frameworks */,
				B87856C6224BEC5900E3148F /* Resources */,
				E29CAA8E2D9BC943DA6212EC /* [CP] Embed Pods Frameworks */,
			);
			buildRules = (
			);
			dependencies = (
			);
			name = Shopify;
			productName = Shopify;
			productReference = B87856C8224BEC5900E3148F /* Shopify.app */;
			productType = "com.apple.product-type.application";
		};
		B87856DB224BEC5B00E3148F /* ShopifyTests */ = {
			isa = PBXNativeTarget;
			buildConfigurationList = B87856F3224BEC5B00E3148F /* Build configuration list for PBXNativeTarget "ShopifyTests" */;
			buildPhases = (
				9320E6595B336E0D954F93EB /* [CP] Check Pods Manifest.lock */,
				B87856D8224BEC5B00E3148F /* Sources */,
				B87856D9224BEC5B00E3148F /* Frameworks */,
				B87856DA224BEC5B00E3148F /* Resources */,
			);
			buildRules = (
			);
			dependencies = (
				B87856DE224BEC5B00E3148F /* PBXTargetDependency */,
			);
			name = ShopifyTests;
			productName = ShopifyTests;
			productReference = B87856DC224BEC5B00E3148F /* ShopifyTests.xctest */;
			productType = "com.apple.product-type.bundle.unit-test";
		};
		B87856E6224BEC5B00E3148F /* ShopifyUITests */ = {
			isa = PBXNativeTarget;
			buildConfigurationList = B87856F6224BEC5B00E3148F /* Build configuration list for PBXNativeTarget "ShopifyUITests" */;
			buildPhases = (
				0A933B48C94F8E1447EA1ABA /* [CP] Check Pods Manifest.lock */,
				B87856E3224BEC5B00E3148F /* Sources */,
				B87856E4224BEC5B00E3148F /* Frameworks */,
				B87856E5224BEC5B00E3148F /* Resources */,
			);
			buildRules = (
			);
			dependencies = (
				B87856E9224BEC5B00E3148F /* PBXTargetDependency */,
			);
			name = ShopifyUITests;
			productName = ShopifyUITests;
			productReference = B87856E7224BEC5B00E3148F /* ShopifyUITests.xctest */;
			productType = "com.apple.product-type.bundle.ui-testing";
		};
/* End PBXNativeTarget section */

/* Begin PBXProject section */
		B87856C0224BEC5900E3148F /* Project object */ = {
			isa = PBXProject;
			attributes = {
				LastSwiftUpdateCheck = 1010;
				LastUpgradeCheck = 1010;
				ORGANIZATIONNAME = "Medi Assumani";
				TargetAttributes = {
					B87856C7224BEC5900E3148F = {
						CreatedOnToolsVersion = 10.1;
					};
					B87856DB224BEC5B00E3148F = {
						CreatedOnToolsVersion = 10.1;
						TestTargetID = B87856C7224BEC5900E3148F;
					};
					B87856E6224BEC5B00E3148F = {
						CreatedOnToolsVersion = 10.1;
						TestTargetID = B87856C7224BEC5900E3148F;
					};
				};
			};
			buildConfigurationList = B87856C3224BEC5900E3148F /* Build configuration list for PBXProject "Shopify" */;
			compatibilityVersion = "Xcode 9.3";
			developmentRegion = en;
			hasScannedForEncodings = 0;
			knownRegions = (
				en,
				Base,
			);
			mainGroup = B87856BF224BEC5900E3148F;
			productRefGroup = B87856C9224BEC5900E3148F /* Products */;
			projectDirPath = "";
			projectRoot = "";
			targets = (
				B87856C7224BEC5900E3148F /* Shopify */,
				B87856DB224BEC5B00E3148F /* ShopifyTests */,
				B87856E6224BEC5B00E3148F /* ShopifyUITests */,
			);
		};
/* End PBXProject section */

/* Begin PBXResourcesBuildPhase section */
		B87856C6224BEC5900E3148F /* Resources */ = {
			isa = PBXResourcesBuildPhase;
			buildActionMask = 2147483647;
			files = (
				B87856D6224BEC5B00E3148F /* LaunchScreen.storyboard in Resources */,
				B87856D3224BEC5B00E3148F /* Assets.xcassets in Resources */,
				B87856D1224BEC5900E3148F /* Main.storyboard in Resources */,
			);
			runOnlyForDeploymentPostprocessing = 0;
		};
		B87856DA224BEC5B00E3148F /* Resources */ = {
			isa = PBXResourcesBuildPhase;
			buildActionMask = 2147483647;
			files = (
			);
			runOnlyForDeploymentPostprocessing = 0;
		};
		B87856E5224BEC5B00E3148F /* Resources */ = {
			isa = PBXResourcesBuildPhase;
			buildActionMask = 2147483647;
			files = (
			);
			runOnlyForDeploymentPostprocessing = 0;
		};
/* End PBXResourcesBuildPhase section */

/* Begin PBXShellScriptBuildPhase section */
		0A933B48C94F8E1447EA1ABA /* [CP] Check Pods Manifest.lock */ = {
			isa = PBXShellScriptBuildPhase;
			buildActionMask = 2147483647;
			files = (
			);
			inputFileListPaths = (
			);
			inputPaths = (
				"${PODS_PODFILE_DIR_PATH}/Podfile.lock",
				"${PODS_ROOT}/Manifest.lock",
			);
			name = "[CP] Check Pods Manifest.lock";
			outputFileListPaths = (
			);
			outputPaths = (
				"$(DERIVED_FILE_DIR)/Pods-ShopifyUITests-checkManifestLockResult.txt",
			);
			runOnlyForDeploymentPostprocessing = 0;
			shellPath = /bin/sh;
			shellScript = "diff \"${PODS_PODFILE_DIR_PATH}/Podfile.lock\" \"${PODS_ROOT}/Manifest.lock\" > /dev/null\nif [ $? != 0 ] ; then\n    # print error to STDERR\n    echo \"error: The sandbox is not in sync with the Podfile.lock. Run 'pod install' or update your CocoaPods installation.\" >&2\n    exit 1\nfi\n# This output is used by Xcode 'outputs' to avoid re-running this script phase.\necho \"SUCCESS\" > \"${SCRIPT_OUTPUT_FILE_0}\"\n";
			showEnvVarsInLog = 0;
		};
		292AC6E5DEF822740440DA7D /* [CP] Check Pods Manifest.lock */ = {
			isa = PBXShellScriptBuildPhase;
			buildActionMask = 2147483647;
			files = (
			);
			inputFileListPaths = (
			);
			inputPaths = (
				"${PODS_PODFILE_DIR_PATH}/Podfile.lock",
				"${PODS_ROOT}/Manifest.lock",
			);
			name = "[CP] Check Pods Manifest.lock";
			outputFileListPaths = (
			);
			outputPaths = (
				"$(DERIVED_FILE_DIR)/Pods-Shopify-checkManifestLockResult.txt",
			);
			runOnlyForDeploymentPostprocessing = 0;
			shellPath = /bin/sh;
			shellScript = "diff \"${PODS_PODFILE_DIR_PATH}/Podfile.lock\" \"${PODS_ROOT}/Manifest.lock\" > /dev/null\nif [ $? != 0 ] ; then\n    # print error to STDERR\n    echo \"error: The sandbox is not in sync with the Podfile.lock. Run 'pod install' or update your CocoaPods installation.\" >&2\n    exit 1\nfi\n# This output is used by Xcode 'outputs' to avoid re-running this script phase.\necho \"SUCCESS\" > \"${SCRIPT_OUTPUT_FILE_0}\"\n";
			showEnvVarsInLog = 0;
		};
		9320E6595B336E0D954F93EB /* [CP] Check Pods Manifest.lock */ = {
			isa = PBXShellScriptBuildPhase;
			buildActionMask = 2147483647;
			files = (
			);
			inputFileListPaths = (
			);
			inputPaths = (
				"${PODS_PODFILE_DIR_PATH}/Podfile.lock",
				"${PODS_ROOT}/Manifest.lock",
			);
			name = "[CP] Check Pods Manifest.lock";
			outputFileListPaths = (
			);
			outputPaths = (
				"$(DERIVED_FILE_DIR)/Pods-ShopifyTests-checkManifestLockResult.txt",
			);
			runOnlyForDeploymentPostprocessing = 0;
			shellPath = /bin/sh;
			shellScript = "diff \"${PODS_PODFILE_DIR_PATH}/Podfile.lock\" \"${PODS_ROOT}/Manifest.lock\" > /dev/null\nif [ $? != 0 ] ; then\n    # print error to STDERR\n    echo \"error: The sandbox is not in sync with the Podfile.lock. Run 'pod install' or update your CocoaPods installation.\" >&2\n    exit 1\nfi\n# This output is used by Xcode 'outputs' to avoid re-running this script phase.\necho \"SUCCESS\" > \"${SCRIPT_OUTPUT_FILE_0}\"\n";
			showEnvVarsInLog = 0;
		};
		E29CAA8E2D9BC943DA6212EC /* [CP] Embed Pods Frameworks */ = {
			isa = PBXShellScriptBuildPhase;
			buildActionMask = 2147483647;
			files = (
			);
			inputFileListPaths = (
			);
			inputPaths = (
				"${PODS_ROOT}/Target Support Files/Pods-Shopify/Pods-Shopify-frameworks.sh",
				"${BUILT_PRODUCTS_DIR}/Kingfisher/Kingfisher.framework",
			);
			name = "[CP] Embed Pods Frameworks";
			outputFileListPaths = (
			);
			outputPaths = (
				"${TARGET_BUILD_DIR}/${FRAMEWORKS_FOLDER_PATH}/Kingfisher.framework",
			);
			runOnlyForDeploymentPostprocessing = 0;
			shellPath = /bin/sh;
			shellScript = "\"${PODS_ROOT}/Target Support Files/Pods-Shopify/Pods-Shopify-frameworks.sh\"\n";
			showEnvVarsInLog = 0;
		};
/* End PBXShellScriptBuildPhase section */

/* Begin PBXSourcesBuildPhase section */
		B87856C4224BEC5900E3148F /* Sources */ = {
			isa = PBXSourcesBuildPhase;
			buildActionMask = 2147483647;
			files = (
				B8C93110224D89F400BFE2B3 /* Result.swift in Sources */,
				B8C9310E224D89EF00BFE2B3 /* HTTPNetworkRoute.swift in Sources */,
				B8C93104224D86B600BFE2B3 /* CustomCollection+Extension.swift in Sources */,
				B8C93108224D89D400BFE2B3 /* HTTPNetworkError.swift in Sources */,
				B8785705224C544C00E3148F /* CustomCollectionsViewController.swift in Sources */,
				B8C93106224D87EC00BFE2B3 /* CollectionDetails+Extension.swift in Sources */,
				B8785707224C5D8700E3148F /* Collect.swift in Sources */,
				B84EC153224D00C70087764B /* CollectionDetailsViewController.swift in Sources */,
				B8785701224BF12800E3148F /* Collection.swift in Sources */,
				B8C9310A224D89DC00BFE2B3 /* HTTPNetworkRequest.swift in Sources */,
				B87856CC224BEC5900E3148F /* AppDelegate.swift in Sources */,
				B84EC158224D2DAF0087764B /* Int+Extension.swift in Sources */,
				B8785703224BFE3200E3148F /* CollectionServices.swift in Sources */,
				B8A086E6224DC71300C5D026 /* Image.swift in Sources */,
				B805299A224CF89600949272 /* CustomCollectionsTableCellTableViewCell.swift in Sources */,
				B878570B224C608B00E3148F /* Variant.swift in Sources */,
				B8C9310C224D89E800BFE2B3 /* HTTPNewtorkResponse.swift in Sources */,
				B8785709224C5F7700E3148F /* Product.swift in Sources */,
				B84EC155224D01170087764B /* CollectionDetailsCellCollectionViewCell.swift in Sources */,
			);
			runOnlyForDeploymentPostprocessing = 0;
		};
		B87856D8224BEC5B00E3148F /* Sources */ = {
			isa = PBXSourcesBuildPhase;
			buildActionMask = 2147483647;
			files = (
				B87856E1224BEC5B00E3148F /* ShopifyTests.swift in Sources */,
			);
			runOnlyForDeploymentPostprocessing = 0;
		};
		B87856E3224BEC5B00E3148F /* Sources */ = {
			isa = PBXSourcesBuildPhase;
			buildActionMask = 2147483647;
			files = (
				B87856EC224BEC5B00E3148F /* ShopifyUITests.swift in Sources */,
			);
			runOnlyForDeploymentPostprocessing = 0;
		};
/* End PBXSourcesBuildPhase section */

/* Begin PBXTargetDependency section */
		B87856DE224BEC5B00E3148F /* PBXTargetDependency */ = {
			isa = PBXTargetDependency;
			target = B87856C7224BEC5900E3148F /* Shopify */;
			targetProxy = B87856DD224BEC5B00E3148F /* PBXContainerItemProxy */;
		};
		B87856E9224BEC5B00E3148F /* PBXTargetDependency */ = {
			isa = PBXTargetDependency;
			target = B87856C7224BEC5900E3148F /* Shopify */;
			targetProxy = B87856E8224BEC5B00E3148F /* PBXContainerItemProxy */;
		};
/* End PBXTargetDependency section */

/* Begin PBXVariantGroup section */
		B87856CF224BEC5900E3148F /* Main.storyboard */ = {
			isa = PBXVariantGroup;
			children = (
				B87856D0224BEC5900E3148F /* Base */,
			);
			name = Main.storyboard;
			sourceTree = "<group>";
		};
		B87856D4224BEC5B00E3148F /* LaunchScreen.storyboard */ = {
			isa = PBXVariantGroup;
			children = (
				B87856D5224BEC5B00E3148F /* Base */,
			);
			name = LaunchScreen.storyboard;
			sourceTree = "<group>";
		};
/* End PBXVariantGroup section */

/* Begin XCBuildConfiguration section */
		B87856EE224BEC5B00E3148F /* Debug */ = {
			isa = XCBuildConfiguration;
			buildSettings = {
				ALWAYS_SEARCH_USER_PATHS = NO;
				CLANG_ANALYZER_NONNULL = YES;
				CLANG_ANALYZER_NUMBER_OBJECT_CONVERSION = YES_AGGRESSIVE;
				CLANG_CXX_LANGUAGE_STANDARD = "gnu++14";
				CLANG_CXX_LIBRARY = "libc++";
				CLANG_ENABLE_MODULES = YES;
				CLANG_ENABLE_OBJC_ARC = YES;
				CLANG_ENABLE_OBJC_WEAK = YES;
				CLANG_WARN_BLOCK_CAPTURE_AUTORELEASING = YES;
				CLANG_WARN_BOOL_CONVERSION = YES;
				CLANG_WARN_COMMA = YES;
				CLANG_WARN_CONSTANT_CONVERSION = YES;
				CLANG_WARN_DEPRECATED_OBJC_IMPLEMENTATIONS = YES;
				CLANG_WARN_DIRECT_OBJC_ISA_USAGE = YES_ERROR;
				CLANG_WARN_DOCUMENTATION_COMMENTS = YES;
				CLANG_WARN_EMPTY_BODY = YES;
				CLANG_WARN_ENUM_CONVERSION = YES;
				CLANG_WARN_INFINITE_RECURSION = YES;
				CLANG_WARN_INT_CONVERSION = YES;
				CLANG_WARN_NON_LITERAL_NULL_CONVERSION = YES;
				CLANG_WARN_OBJC_IMPLICIT_RETAIN_SELF = YES;
				CLANG_WARN_OBJC_LITERAL_CONVERSION = YES;
				CLANG_WARN_OBJC_ROOT_CLASS = YES_ERROR;
				CLANG_WARN_RANGE_LOOP_ANALYSIS = YES;
				CLANG_WARN_STRICT_PROTOTYPES = YES;
				CLANG_WARN_SUSPICIOUS_MOVE = YES;
				CLANG_WARN_UNGUARDED_AVAILABILITY = YES_AGGRESSIVE;
				CLANG_WARN_UNREACHABLE_CODE = YES;
				CLANG_WARN__DUPLICATE_METHOD_MATCH = YES;
				CODE_SIGN_IDENTITY = "iPhone Developer";
				COPY_PHASE_STRIP = NO;
				DEBUG_INFORMATION_FORMAT = dwarf;
				ENABLE_STRICT_OBJC_MSGSEND = YES;
				ENABLE_TESTABILITY = YES;
				GCC_C_LANGUAGE_STANDARD = gnu11;
				GCC_DYNAMIC_NO_PIC = NO;
				GCC_NO_COMMON_BLOCKS = YES;
				GCC_OPTIMIZATION_LEVEL = 0;
				GCC_PREPROCESSOR_DEFINITIONS = (
					"DEBUG=1",
					"$(inherited)",
				);
				GCC_WARN_64_TO_32_BIT_CONVERSION = YES;
				GCC_WARN_ABOUT_RETURN_TYPE = YES_ERROR;
				GCC_WARN_UNDECLARED_SELECTOR = YES;
				GCC_WARN_UNINITIALIZED_AUTOS = YES_AGGRESSIVE;
				GCC_WARN_UNUSED_FUNCTION = YES;
				GCC_WARN_UNUSED_VARIABLE = YES;
				IPHONEOS_DEPLOYMENT_TARGET = 12.1;
				MTL_ENABLE_DEBUG_INFO = INCLUDE_SOURCE;
				MTL_FAST_MATH = YES;
				ONLY_ACTIVE_ARCH = YES;
				SDKROOT = iphoneos;
				SWIFT_ACTIVE_COMPILATION_CONDITIONS = DEBUG;
				SWIFT_OPTIMIZATION_LEVEL = "-Onone";
			};
			name = Debug;
		};
		B87856EF224BEC5B00E3148F /* Release */ = {
			isa = XCBuildConfiguration;
			buildSettings = {
				ALWAYS_SEARCH_USER_PATHS = NO;
				CLANG_ANALYZER_NONNULL = YES;
				CLANG_ANALYZER_NUMBER_OBJECT_CONVERSION = YES_AGGRESSIVE;
				CLANG_CXX_LANGUAGE_STANDARD = "gnu++14";
				CLANG_CXX_LIBRARY = "libc++";
				CLANG_ENABLE_MODULES = YES;
				CLANG_ENABLE_OBJC_ARC = YES;
				CLANG_ENABLE_OBJC_WEAK = YES;
				CLANG_WARN_BLOCK_CAPTURE_AUTORELEASING = YES;
				CLANG_WARN_BOOL_CONVERSION = YES;
				CLANG_WARN_COMMA = YES;
				CLANG_WARN_CONSTANT_CONVERSION = YES;
				CLANG_WARN_DEPRECATED_OBJC_IMPLEMENTATIONS = YES;
				CLANG_WARN_DIRECT_OBJC_ISA_USAGE = YES_ERROR;
				CLANG_WARN_DOCUMENTATION_COMMENTS = YES;
				CLANG_WARN_EMPTY_BODY = YES;
				CLANG_WARN_ENUM_CONVERSION = YES;
				CLANG_WARN_INFINITE_RECURSION = YES;
				CLANG_WARN_INT_CONVERSION = YES;
				CLANG_WARN_NON_LITERAL_NULL_CONVERSION = YES;
				CLANG_WARN_OBJC_IMPLICIT_RETAIN_SELF = YES;
				CLANG_WARN_OBJC_LITERAL_CONVERSION = YES;
				CLANG_WARN_OBJC_ROOT_CLASS = YES_ERROR;
				CLANG_WARN_RANGE_LOOP_ANALYSIS = YES;
				CLANG_WARN_STRICT_PROTOTYPES = YES;
				CLANG_WARN_SUSPICIOUS_MOVE = YES;
				CLANG_WARN_UNGUARDED_AVAILABILITY = YES_AGGRESSIVE;
				CLANG_WARN_UNREACHABLE_CODE = YES;
				CLANG_WARN__DUPLICATE_METHOD_MATCH = YES;
				CODE_SIGN_IDENTITY = "iPhone Developer";
				COPY_PHASE_STRIP = NO;
				DEBUG_INFORMATION_FORMAT = "dwarf-with-dsym";
				ENABLE_NS_ASSERTIONS = NO;
				ENABLE_STRICT_OBJC_MSGSEND = YES;
				GCC_C_LANGUAGE_STANDARD = gnu11;
				GCC_NO_COMMON_BLOCKS = YES;
				GCC_WARN_64_TO_32_BIT_CONVERSION = YES;
				GCC_WARN_ABOUT_RETURN_TYPE = YES_ERROR;
				GCC_WARN_UNDECLARED_SELECTOR = YES;
				GCC_WARN_UNINITIALIZED_AUTOS = YES_AGGRESSIVE;
				GCC_WARN_UNUSED_FUNCTION = YES;
				GCC_WARN_UNUSED_VARIABLE = YES;
				IPHONEOS_DEPLOYMENT_TARGET = 12.1;
				MTL_ENABLE_DEBUG_INFO = NO;
				MTL_FAST_MATH = YES;
				SDKROOT = iphoneos;
				SWIFT_COMPILATION_MODE = wholemodule;
				SWIFT_OPTIMIZATION_LEVEL = "-O";
				VALIDATE_PRODUCT = YES;
			};
			name = Release;
		};
		B87856F1224BEC5B00E3148F /* Debug */ = {
			isa = XCBuildConfiguration;
			baseConfigurationReference = C982501174884FB1FFFAE763 /* Pods-Shopify.debug.xcconfig */;
			buildSettings = {
				ASSETCATALOG_COMPILER_APPICON_NAME = AppIcon;
				CODE_SIGN_STYLE = Automatic;
				DEVELOPMENT_TEAM = 966X5T4Q98;
				INFOPLIST_FILE = Shopify/Info.plist;
				LD_RUNPATH_SEARCH_PATHS = (
					"$(inherited)",
					"@executable_path/Frameworks",
				);
				PRODUCT_BUNDLE_IDENTIFIER = mediassumani.Shopify;
				PRODUCT_NAME = "$(TARGET_NAME)";
				SWIFT_VERSION = 4.2;
				TARGETED_DEVICE_FAMILY = "1,2";
			};
			name = Debug;
		};
		B87856F2224BEC5B00E3148F /* Release */ = {
			isa = XCBuildConfiguration;
			baseConfigurationReference = D4031595D294F4A20F1B565B /* Pods-Shopify.release.xcconfig */;
			buildSettings = {
				ASSETCATALOG_COMPILER_APPICON_NAME = AppIcon;
				CODE_SIGN_STYLE = Automatic;
				DEVELOPMENT_TEAM = 966X5T4Q98;
				INFOPLIST_FILE = Shopify/Info.plist;
				LD_RUNPATH_SEARCH_PATHS = (
					"$(inherited)",
					"@executable_path/Frameworks",
				);
				PRODUCT_BUNDLE_IDENTIFIER = mediassumani.Shopify;
				PRODUCT_NAME = "$(TARGET_NAME)";
				SWIFT_VERSION = 4.2;
				TARGETED_DEVICE_FAMILY = "1,2";
			};
			name = Release;
		};
		B87856F4224BEC5B00E3148F /* Debug */ = {
			isa = XCBuildConfiguration;
			baseConfigurationReference = EF0862EC2B45639B8A8F2CBE /* Pods-ShopifyTests.debug.xcconfig */;
			buildSettings = {
				ALWAYS_EMBED_SWIFT_STANDARD_LIBRARIES = YES;
				BUNDLE_LOADER = "$(TEST_HOST)";
				CODE_SIGN_STYLE = Automatic;
				DEVELOPMENT_TEAM = 966X5T4Q98;
				INFOPLIST_FILE = ShopifyTests/Info.plist;
				LD_RUNPATH_SEARCH_PATHS = (
					"$(inherited)",
					"@executable_path/Frameworks",
					"@loader_path/Frameworks",
				);
				PRODUCT_BUNDLE_IDENTIFIER = mediassumani.ShopifyTests;
				PRODUCT_NAME = "$(TARGET_NAME)";
				SWIFT_VERSION = 4.2;
				TARGETED_DEVICE_FAMILY = "1,2";
				TEST_HOST = "$(BUILT_PRODUCTS_DIR)/Shopify.app/Shopify";
			};
			name = Debug;
		};
		B87856F5224BEC5B00E3148F /* Release */ = {
			isa = XCBuildConfiguration;
			baseConfigurationReference = 81CB340BAEE43205D8D57835 /* Pods-ShopifyTests.release.xcconfig */;
			buildSettings = {
				ALWAYS_EMBED_SWIFT_STANDARD_LIBRARIES = YES;
				BUNDLE_LOADER = "$(TEST_HOST)";
				CODE_SIGN_STYLE = Automatic;
				DEVELOPMENT_TEAM = 966X5T4Q98;
				INFOPLIST_FILE = ShopifyTests/Info.plist;
				LD_RUNPATH_SEARCH_PATHS = (
					"$(inherited)",
					"@executable_path/Frameworks",
					"@loader_path/Frameworks",
				);
				PRODUCT_BUNDLE_IDENTIFIER = mediassumani.ShopifyTests;
				PRODUCT_NAME = "$(TARGET_NAME)";
				SWIFT_VERSION = 4.2;
				TARGETED_DEVICE_FAMILY = "1,2";
				TEST_HOST = "$(BUILT_PRODUCTS_DIR)/Shopify.app/Shopify";
			};
			name = Release;
		};
		B87856F7224BEC5B00E3148F /* Debug */ = {
			isa = XCBuildConfiguration;
			baseConfigurationReference = BA74A32C6A43DB1F891403BC /* Pods-ShopifyUITests.debug.xcconfig */;
			buildSettings = {
				ALWAYS_EMBED_SWIFT_STANDARD_LIBRARIES = YES;
				CODE_SIGN_STYLE = Automatic;
				DEVELOPMENT_TEAM = 966X5T4Q98;
				INFOPLIST_FILE = ShopifyUITests/Info.plist;
				LD_RUNPATH_SEARCH_PATHS = (
					"$(inherited)",
					"@executable_path/Frameworks",
					"@loader_path/Frameworks",
				);
				PRODUCT_BUNDLE_IDENTIFIER = mediassumani.ShopifyUITests;
				PRODUCT_NAME = "$(TARGET_NAME)";
				SWIFT_VERSION = 4.2;
				TARGETED_DEVICE_FAMILY = "1,2";
				TEST_TARGET_NAME = Shopify;
			};
			name = Debug;
		};
		B87856F8224BEC5B00E3148F /* Release */ = {
			isa = XCBuildConfiguration;
			baseConfigurationReference = 255D885FD5B682D80E80B89F /* Pods-ShopifyUITests.release.xcconfig */;
			buildSettings = {
				ALWAYS_EMBED_SWIFT_STANDARD_LIBRARIES = YES;
				CODE_SIGN_STYLE = Automatic;
				DEVELOPMENT_TEAM = 966X5T4Q98;
				INFOPLIST_FILE = ShopifyUITests/Info.plist;
				LD_RUNPATH_SEARCH_PATHS = (
					"$(inherited)",
					"@executable_path/Frameworks",
					"@loader_path/Frameworks",
				);
				PRODUCT_BUNDLE_IDENTIFIER = mediassumani.ShopifyUITests;
				PRODUCT_NAME = "$(TARGET_NAME)";
				SWIFT_VERSION = 4.2;
				TARGETED_DEVICE_FAMILY = "1,2";
				TEST_TARGET_NAME = Shopify;
			};
			name = Release;
		};
/* End XCBuildConfiguration section */

/* Begin XCConfigurationList section */
		B87856C3224BEC5900E3148F /* Build configuration list for PBXProject "Shopify" */ = {
			isa = XCConfigurationList;
			buildConfigurations = (
				B87856EE224BEC5B00E3148F /* Debug */,
				B87856EF224BEC5B00E3148F /* Release */,
			);
			defaultConfigurationIsVisible = 0;
			defaultConfigurationName = Release;
		};
		B87856F0224BEC5B00E3148F /* Build configuration list for PBXNativeTarget "Shopify" */ = {
			isa = XCConfigurationList;
			buildConfigurations = (
				B87856F1224BEC5B00E3148F /* Debug */,
				B87856F2224BEC5B00E3148F /* Release */,
			);
			defaultConfigurationIsVisible = 0;
			defaultConfigurationName = Release;
		};
		B87856F3224BEC5B00E3148F /* Build configuration list for PBXNativeTarget "ShopifyTests" */ = {
			isa = XCConfigurationList;
			buildConfigurations = (
				B87856F4224BEC5B00E3148F /* Debug */,
				B87856F5224BEC5B00E3148F /* Release */,
			);
			defaultConfigurationIsVisible = 0;
			defaultConfigurationName = Release;
		};
		B87856F6224BEC5B00E3148F /* Build configuration list for PBXNativeTarget "ShopifyUITests" */ = {
			isa = XCConfigurationList;
			buildConfigurations = (
				B87856F7224BEC5B00E3148F /* Debug */,
				B87856F8224BEC5B00E3148F /* Release */,
			);
			defaultConfigurationIsVisible = 0;
			defaultConfigurationName = Release;
		};
/* End XCConfigurationList section */
	};
	rootObject = B87856C0224BEC5900E3148F /* Project object */;
}
