// !$*UTF8*$!
{
	archiveVersion = 1;
	classes = {
	};
	objectVersion = 50;
	objects = {

/* Begin PBXBuildFile section */
		B87856CC224BEC5900E3148F /* AppDelegate.swift in Sources */ = {isa = PBXBuildFile; fileRef = B87856CB224BEC5900E3148F /* AppDelegate.swift */; };
		B87856CE224BEC5900E3148F /* ViewController.swift in Sources */ = {isa = PBXBuildFile; fileRef = B87856CD224BEC5900E3148F /* ViewController.swift */; };
		B87856D1224BEC5900E3148F /* Main.storyboard in Resources */ = {isa = PBXBuildFile; fileRef = B87856CF224BEC5900E3148F /* Main.storyboard */; };
		B87856D3224BEC5B00E3148F /* Assets.xcassets in Resources */ = {isa = PBXBuildFile; fileRef = B87856D2224BEC5B00E3148F /* Assets.xcassets */; };
		B87856D6224BEC5B00E3148F /* LaunchScreen.storyboard in Resources */ = {isa = PBXBuildFile; fileRef = B87856D4224BEC5B00E3148F /* LaunchScreen.storyboard */; };
		B87856E1224BEC5B00E3148F /* ShopifyTests.swift in Sources */ = {isa = PBXBuildFile; fileRef = B87856E0224BEC5B00E3148F /* ShopifyTests.swift */; };
		B87856EC224BEC5B00E3148F /* ShopifyUITests.swift in Sources */ = {isa = PBXBuildFile; fileRef = B87856EB224BEC5B00E3148F /* ShopifyUITests.swift */; };
/* End PBXBuildFile section */

/* Begin PBXContainerItemProxy section */
		B87856DD224BEC5B00E3148F /* PBXContainerItemProxy */ = {
			isa = PBXContainerItemProxy;
			containerPortal = B87856C0224BEC5900E3148F /* Project object */;
			proxyType = 1;
			remoteGlobalIDString = B87856C7224BEC5900E3148F;
			remoteInfo = Shopify;
		};
		B87856E8224BEC5B00E3148F /* PBXContainerItemProxy */ = {
			isa = PBXContainerItemProxy;
			containerPortal = B87856C0224BEC5900E3148F /* Project object */;
			proxyType = 1;
			remoteGlobalIDString = B87856C7224BEC5900E3148F;
			remoteInfo = Shopify;
		};
/* End PBXContainerItemProxy section */

/* Begin PBXFileReference section */
		B87856C8224BEC5900E3148F /* Shopify.app */ = {isa = PBXFileReference; explicitFileType = wrapper.application; includeInIndex = 0; path = Shopify.app; sourceTree = BUILT_PRODUCTS_DIR; };
		B87856CB224BEC5900E3148F /* AppDelegate.swift */ = {isa = PBXFileReference; lastKnownFileType = sourcecode.swift; path = AppDelegate.swift; sourceTree = "<group>"; };
		B87856CD224BEC5900E3148F /* ViewController.swift */ = {isa = PBXFileReference; lastKnownFileType = sourcecode.swift; path = ViewController.swift; sourceTree = "<group>"; };
		B87856D0224BEC5900E3148F /* Base */ = {isa = PBXFileReference; lastKnownFileType = file.storyboard; name = Base; path = Base.lproj/Main.storyboard; sourceTree = "<group>"; };
		B87856D2224BEC5B00E3148F /* Assets.xcassets */ = {isa = PBXFileReference; lastKnownFileType = folder.assetcatalog; path = Assets.xcassets; sourceTree = "<group>"; };
		B87856D5224BEC5B00E3148F /* Base */ = {isa = PBXFileReference; lastKnownFileType = file.storyboard; name = Base; path = Base.lproj/LaunchScreen.storyboard; sourceTree = "<group>"; };
		B87856D7224BEC5B00E3148F /* Info.plist */ = {isa = PBXFileReference; lastKnownFileType = text.plist.xml; path = Info.plist; sourceTree = "<group>"; };
		B87856DC224BEC5B00E3148F /* ShopifyTests.xctest */ = {isa = PBXFileReference; explicitFileType = wrapper.cfbundle; includeInIndex = 0; path = ShopifyTests.xctest; sourceTree = BUILT_PRODUCTS_DIR; };
		B87856E0224BEC5B00E3148F /* ShopifyTests.swift */ = {isa = PBXFileReference; lastKnownFileType = sourcecode.swift; path = ShopifyTests.swift; sourceTree = "<group>"; };
		B87856E2224BEC5B00E3148F /* Info.plist */ = {isa = PBXFileReference; lastKnownFileType = text.plist.xml; path = Info.plist; sourceTree = "<group>"; };
		B87856E7224BEC5B00E3148F /* ShopifyUITests.xctest */ = {isa = PBXFileReference; explicitFileType = wrapper.cfbundle; includeInIndex = 0; path = ShopifyUITests.xctest; sourceTree = BUILT_PRODUCTS_DIR; };
		B87856EB224BEC5B00E3148F /* ShopifyUITests.swift */ = {isa = PBXFileReference; lastKnownFileType = sourcecode.swift; path = ShopifyUITests.swift; sourceTree = "<group>"; };
		B87856ED224BEC5B00E3148F /* Info.plist */ = {isa = PBXFileReference; lastKnownFileType = text.plist.xml; path = Info.plist; sourceTree = "<group>"; };
/* End PBXFileReference section */

/* Begin PBXFrameworksBuildPhase section */
		B87856C5224BEC5900E3148F /* Frameworks */ = {
			isa = PBXFrameworksBuildPhase;
			buildActionMask = 2147483647;
			files = (
			);
			runOnlyForDeploymentPostprocessing = 0;
		};
		B87856D9224BEC5B00E3148F /* Frameworks */ = {
			isa = PBXFrameworksBuildPhase;
			buildActionMask = 2147483647;
			files = (
			);
			runOnlyForDeploymentPostprocessing = 0;
		};
		B87856E4224BEC5B00E3148F /* Frameworks */ = {
			isa = PBXFrameworksBuildPhase;
			buildActionMask = 2147483647;
			files = (
			);
			runOnlyForDeploymentPostprocessing = 0;
		};
/* End PBXFrameworksBuildPhase section */

/* Begin PBXGroup section */
		B87856BF224BEC5900E3148F = {
			isa = PBXGroup;
			children = (
				B87856CA224BEC5900E3148F /* Shopify */,
				B87856DF224BEC5B00E3148F /* ShopifyTests */,
				B87856EA224BEC5B00E3148F /* ShopifyUITests */,
				B87856C9224BEC5900E3148F /* Products */,
			);
			sourceTree = "<group>";
		};
		B87856C9224BEC5900E3148F /* Products */ = {
			isa = PBXGroup;
			children = (
				B87856C8224BEC5900E3148F /* Shopify.app */,
				B87856DC224BEC5B00E3148F /* ShopifyTests.xctest */,
				B87856E7224BEC5B00E3148F /* ShopifyUITests.xctest */,
			);
			name = Products;
			sourceTree = "<group>";
		};
		B87856CA224BEC5900E3148F /* Shopify */ = {
			isa = PBXGroup;
			children = (
				B87856CB224BEC5900E3148F /* AppDelegate.swift */,
				B87856CD224BEC5900E3148F /* ViewController.swift */,
				B87856CF224BEC5900E3148F /* Main.storyboard */,
				B87856D2224BEC5B00E3148F /* Assets.xcassets */,
				B87856D4224BEC5B00E3148F /* LaunchScreen.storyboard */,
				B87856D7224BEC5B00E3148F /* Info.plist */,
			);
			path = Shopify;
			sourceTree = "<group>";
		};
		B87856DF224BEC5B00E3148F /* ShopifyTests */ = {
			isa = PBXGroup;
			children = (
				B87856E0224BEC5B00E3148F /* ShopifyTests.swift */,
				B87856E2224BEC5B00E3148F /* Info.plist */,
			);
			path = ShopifyTests;
			sourceTree = "<group>";
		};
		B87856EA224BEC5B00E3148F /* ShopifyUITests */ = {
			isa = PBXGroup;
			children = (
				B87856EB224BEC5B00E3148F /* ShopifyUITests.swift */,
				B87856ED224BEC5B00E3148F /* Info.plist */,
			);
			path = ShopifyUITests;
			sourceTree = "<group>";
		};
/* End PBXGroup section */

/* Begin PBXNativeTarget section */
		B87856C7224BEC5900E3148F /* Shopify */ = {
			isa = PBXNativeTarget;
			buildConfigurationList = B87856F0224BEC5B00E3148F /* Build configuration list for PBXNativeTarget "Shopify" */;
			buildPhases = (
				B87856C4224BEC5900E3148F /* Sources */,
				B87856C5224BEC5900E3148F /* Frameworks */,
				B87856C6224BEC5900E3148F /* Resources */,
			);
			buildRules = (
			);
			dependencies = (
			);
			name = Shopify;
			productName = Shopify;
			productReference = B87856C8224BEC5900E3148F /* Shopify.app */;
			productType = "com.apple.product-type.application";
		};
		B87856DB224BEC5B00E3148F /* ShopifyTests */ = {
			isa = PBXNativeTarget;
			buildConfigurationList = B87856F3224BEC5B00E3148F /* Build configuration list for PBXNativeTarget "ShopifyTests" */;
			buildPhases = (
				B87856D8224BEC5B00E3148F /* Sources */,
				B87856D9224BEC5B00E3148F /* Frameworks */,
				B87856DA224BEC5B00E3148F /* Resources */,
			);
			buildRules = (
			);
			dependencies = (
				B87856DE224BEC5B00E3148F /* PBXTargetDependency */,
			);
			name = ShopifyTests;
			productName = ShopifyTests;
			productReference = B87856DC224BEC5B00E3148F /* ShopifyTests.xctest */;
			productType = "com.apple.product-type.bundle.unit-test";
		};
		B87856E6224BEC5B00E3148F /* ShopifyUITests */ = {
			isa = PBXNativeTarget;
			buildConfigurationList = B87856F6224BEC5B00E3148F /* Build configuration list for PBXNativeTarget "ShopifyUITests" */;
			buildPhases = (
				B87856E3224BEC5B00E3148F /* Sources */,
				B87856E4224BEC5B00E3148F /* Frameworks */,
				B87856E5224BEC5B00E3148F /* Resources */,
			);
			buildRules = (
			);
			dependencies = (
				B87856E9224BEC5B00E3148F /* PBXTargetDependency */,
			);
			name = ShopifyUITests;
			productName = ShopifyUITests;
			productReference = B87856E7224BEC5B00E3148F /* ShopifyUITests.xctest */;
			productType = "com.apple.product-type.bundle.ui-testing";
		};
/* End PBXNativeTarget section */

/* Begin PBXProject section */
		B87856C0224BEC5900E3148F /* Project object */ = {
			isa = PBXProject;
			attributes = {
				LastSwiftUpdateCheck = 1010;
				LastUpgradeCheck = 1010;
				ORGANIZATIONNAME = "Medi Assumani";
				TargetAttributes = {
					B87856C7224BEC5900E3148F = {
						CreatedOnToolsVersion = 10.1;
					};
					B87856DB224BEC5B00E3148F = {
						CreatedOnToolsVersion = 10.1;
						TestTargetID = B87856C7224BEC5900E3148F;
					};
					B87856E6224BEC5B00E3148F = {
						CreatedOnToolsVersion = 10.1;
						TestTargetID = B87856C7224BEC5900E3148F;
					};
				};
			};
			buildConfigurationList = B87856C3224BEC5900E3148F /* Build configuration list for PBXProject "Shopify" */;
			compatibilityVersion = "Xcode 9.3";
			developmentRegion = en;
			hasScannedForEncodings = 0;
			knownRegions = (
				en,
				Base,
			);
			mainGroup = B87856BF224BEC5900E3148F;
			productRefGroup = B87856C9224BEC5900E3148F /* Products */;
			projectDirPath = "";
			projectRoot = "";
			targets = (
				B87856C7224BEC5900E3148F /* Shopify */,
				B87856DB224BEC5B00E3148F /* ShopifyTests */,
				B87856E6224BEC5B00E3148F /* ShopifyUITests */,
			);
		};
/* End PBXProject section */

/* Begin PBXResourcesBuildPhase section */
		B87856C6224BEC5900E3148F /* Resources */ = {
			isa = PBXResourcesBuildPhase;
			buildActionMask = 2147483647;
			files = (
				B87856D6224BEC5B00E3148F /* LaunchScreen.storyboard in Resources */,
				B87856D3224BEC5B00E3148F /* Assets.xcassets in Resources */,
				B87856D1224BEC5900E3148F /* Main.storyboard in Resources */,
			);
			runOnlyForDeploymentPostprocessing = 0;
		};
		B87856DA224BEC5B00E3148F /* Resources */ = {
			isa = PBXResourcesBuildPhase;
			buildActionMask = 2147483647;
			files = (
			);
			runOnlyForDeploymentPostprocessing = 0;
		};
		B87856E5224BEC5B00E3148F /* Resources */ = {
			isa = PBXResourcesBuildPhase;
			buildActionMask = 2147483647;
			files = (
			);
			runOnlyForDeploymentPostprocessing = 0;
		};
/* End PBXResourcesBuildPhase section */

/* Begin PBXSourcesBuildPhase section */
		B87856C4224BEC5900E3148F /* Sources */ = {
			isa = PBXSourcesBuildPhase;
			buildActionMask = 2147483647;
			files = (
				B87856CE224BEC5900E3148F /* ViewController.swift in Sources */,
				B87856CC224BEC5900E3148F /* AppDelegate.swift in Sources */,
			);
			runOnlyForDeploymentPostprocessing = 0;
		};
		B87856D8224BEC5B00E3148F /* Sources */ = {
			isa = PBXSourcesBuildPhase;
			buildActionMask = 2147483647;
			files = (
				B87856E1224BEC5B00E3148F /* ShopifyTests.swift in Sources */,
			);
			runOnlyForDeploymentPostprocessing = 0;
		};
		B87856E3224BEC5B00E3148F /* Sources */ = {
			isa = PBXSourcesBuildPhase;
			buildActionMask = 2147483647;
			files = (
				B87856EC224BEC5B00E3148F /* ShopifyUITests.swift in Sources */,
			);
			runOnlyForDeploymentPostprocessing = 0;
		};
/* End PBXSourcesBuildPhase section */

/* Begin PBXTargetDependency section */
		B87856DE224BEC5B00E3148F /* PBXTargetDependency */ = {
			isa = PBXTargetDependency;
			target = B87856C7224BEC5900E3148F /* Shopify */;
			targetProxy = B87856DD224BEC5B00E3148F /* PBXContainerItemProxy */;
		};
		B87856E9224BEC5B00E3148F /* PBXTargetDependency */ = {
			isa = PBXTargetDependency;
			target = B87856C7224BEC5900E3148F /* Shopify */;
			targetProxy = B87856E8224BEC5B00E3148F /* PBXContainerItemProxy */;
		};
/* End PBXTargetDependency section */

/* Begin PBXVariantGroup section */
		B87856CF224BEC5900E3148F /* Main.storyboard */ = {
			isa = PBXVariantGroup;
			children = (
				B87856D0224BEC5900E3148F /* Base */,
			);
			name = Main.storyboard;
			sourceTree = "<group>";
		};
		B87856D4224BEC5B00E3148F /* LaunchScreen.storyboard */ = {
			isa = PBXVariantGroup;
			children = (
				B87856D5224BEC5B00E3148F /* Base */,
			);
			name = LaunchScreen.storyboard;
			sourceTree = "<group>";
		};
/* End PBXVariantGroup section */

/* Begin XCBuildConfiguration section */
		B87856EE224BEC5B00E3148F /* Debug */ = {
			isa = XCBuildConfiguration;
			buildSettings = {
				ALWAYS_SEARCH_USER_PATHS = NO;
				CLANG_ANALYZER_NONNULL = YES;
				CLANG_ANALYZER_NUMBER_OBJECT_CONVERSION = YES_AGGRESSIVE;
				CLANG_CXX_LANGUAGE_STANDARD = "gnu++14";
				CLANG_CXX_LIBRARY = "libc++";
				CLANG_ENABLE_MODULES = YES;
				CLANG_ENABLE_OBJC_ARC = YES;
				CLANG_ENABLE_OBJC_WEAK = YES;
				CLANG_WARN_BLOCK_CAPTURE_AUTORELEASING = YES;
				CLANG_WARN_BOOL_CONVERSION = YES;
				CLANG_WARN_COMMA = YES;
				CLANG_WARN_CONSTANT_CONVERSION = YES;
				CLANG_WARN_DEPRECATED_OBJC_IMPLEMENTATIONS = YES;
				CLANG_WARN_DIRECT_OBJC_ISA_USAGE = YES_ERROR;
				CLANG_WARN_DOCUMENTATION_COMMENTS = YES;
				CLANG_WARN_EMPTY_BODY = YES;
				CLANG_WARN_ENUM_CONVERSION = YES;
				CLANG_WARN_INFINITE_RECURSION = YES;
				CLANG_WARN_INT_CONVERSION = YES;
				CLANG_WARN_NON_LITERAL_NULL_CONVERSION = YES;
				CLANG_WARN_OBJC_IMPLICIT_RETAIN_SELF = YES;
				CLANG_WARN_OBJC_LITERAL_CONVERSION = YES;
				CLANG_WARN_OBJC_ROOT_CLASS = YES_ERROR;
				CLANG_WARN_RANGE_LOOP_ANALYSIS = YES;
				CLANG_WARN_STRICT_PROTOTYPES = YES;
				CLANG_WARN_SUSPICIOUS_MOVE = YES;
				CLANG_WARN_UNGUARDED_AVAILABILITY = YES_AGGRESSIVE;
				CLANG_WARN_UNREACHABLE_CODE = YES;
				CLANG_WARN__DUPLICATE_METHOD_MATCH = YES;
				CODE_SIGN_IDENTITY = "iPhone Developer";
				COPY_PHASE_STRIP = NO;
				DEBUG_INFORMATION_FORMAT = dwarf;
				ENABLE_STRICT_OBJC_MSGSEND = YES;
				ENABLE_TESTABILITY = YES;
				GCC_C_LANGUAGE_STANDARD = gnu11;
				GCC_DYNAMIC_NO_PIC = NO;
				GCC_NO_COMMON_BLOCKS = YES;
				GCC_OPTIMIZATION_LEVEL = 0;
				GCC_PREPROCESSOR_DEFINITIONS = (
					"DEBUG=1",
					"$(inherited)",
				);
				GCC_WARN_64_TO_32_BIT_CONVERSION = YES;
				GCC_WARN_ABOUT_RETURN_TYPE = YES_ERROR;
				GCC_WARN_UNDECLARED_SELECTOR = YES;
				GCC_WARN_UNINITIALIZED_AUTOS = YES_AGGRESSIVE;
				GCC_WARN_UNUSED_FUNCTION = YES;
				GCC_WARN_UNUSED_VARIABLE = YES;
				IPHONEOS_DEPLOYMENT_TARGET = 12.1;
				MTL_ENABLE_DEBUG_INFO = INCLUDE_SOURCE;
				MTL_FAST_MATH = YES;
				ONLY_ACTIVE_ARCH = YES;
				SDKROOT = iphoneos;
				SWIFT_ACTIVE_COMPILATION_CONDITIONS = DEBUG;
				SWIFT_OPTIMIZATION_LEVEL = "-Onone";
			};
			name = Debug;
		};
		B87856EF224BEC5B00E3148F /* Release */ = {
			isa = XCBuildConfiguration;
			buildSettings = {
				ALWAYS_SEARCH_USER_PATHS = NO;
				CLANG_ANALYZER_NONNULL = YES;
				CLANG_ANALYZER_NUMBER_OBJECT_CONVERSION = YES_AGGRESSIVE;
				CLANG_CXX_LANGUAGE_STANDARD = "gnu++14";
				CLANG_CXX_LIBRARY = "libc++";
				CLANG_ENABLE_MODULES = YES;
				CLANG_ENABLE_OBJC_ARC = YES;
				CLANG_ENABLE_OBJC_WEAK = YES;
				CLANG_WARN_BLOCK_CAPTURE_AUTORELEASING = YES;
				CLANG_WARN_BOOL_CONVERSION = YES;
				CLANG_WARN_COMMA = YES;
				CLANG_WARN_CONSTANT_CONVERSION = YES;
				CLANG_WARN_DEPRECATED_OBJC_IMPLEMENTATIONS = YES;
				CLANG_WARN_DIRECT_OBJC_ISA_USAGE = YES_ERROR;
				CLANG_WARN_DOCUMENTATION_COMMENTS = YES;
				CLANG_WARN_EMPTY_BODY = YES;
				CLANG_WARN_ENUM_CONVERSION = YES;
				CLANG_WARN_INFINITE_RECURSION = YES;
				CLANG_WARN_INT_CONVERSION = YES;
				CLANG_WARN_NON_LITERAL_NULL_CONVERSION = YES;
				CLANG_WARN_OBJC_IMPLICIT_RETAIN_SELF = YES;
				CLANG_WARN_OBJC_LITERAL_CONVERSION = YES;
				CLANG_WARN_OBJC_ROOT_CLASS = YES_ERROR;
				CLANG_WARN_RANGE_LOOP_ANALYSIS = YES;
				CLANG_WARN_STRICT_PROTOTYPES = YES;
				CLANG_WARN_SUSPICIOUS_MOVE = YES;
				CLANG_WARN_UNGUARDED_AVAILABILITY = YES_AGGRESSIVE;
				CLANG_WARN_UNREACHABLE_CODE = YES;
				CLANG_WARN__DUPLICATE_METHOD_MATCH = YES;
				CODE_SIGN_IDENTITY = "iPhone Developer";
				COPY_PHASE_STRIP = NO;
				DEBUG_INFORMATION_FORMAT = "dwarf-with-dsym";
				ENABLE_NS_ASSERTIONS = NO;
				ENABLE_STRICT_OBJC_MSGSEND = YES;
				GCC_C_LANGUAGE_STANDARD = gnu11;
				GCC_NO_COMMON_BLOCKS = YES;
				GCC_WARN_64_TO_32_BIT_CONVERSION = YES;
				GCC_WARN_ABOUT_RETURN_TYPE = YES_ERROR;
				GCC_WARN_UNDECLARED_SELECTOR = YES;
				GCC_WARN_UNINITIALIZED_AUTOS = YES_AGGRESSIVE;
				GCC_WARN_UNUSED_FUNCTION = YES;
				GCC_WARN_UNUSED_VARIABLE = YES;
				IPHONEOS_DEPLOYMENT_TARGET = 12.1;
				MTL_ENABLE_DEBUG_INFO = NO;
				MTL_FAST_MATH = YES;
				SDKROOT = iphoneos;
				SWIFT_COMPILATION_MODE = wholemodule;
				SWIFT_OPTIMIZATION_LEVEL = "-O";
				VALIDATE_PRODUCT = YES;
			};
			name = Release;
		};
		B87856F1224BEC5B00E3148F /* Debug */ = {
			isa = XCBuildConfiguration;
			buildSettings = {
				ASSETCATALOG_COMPILER_APPICON_NAME = AppIcon;
				CODE_SIGN_STYLE = Automatic;
				DEVELOPMENT_TEAM = 966X5T4Q98;
				INFOPLIST_FILE = Shopify/Info.plist;
				LD_RUNPATH_SEARCH_PATHS = (
					"$(inherited)",
					"@executable_path/Frameworks",
				);
				PRODUCT_BUNDLE_IDENTIFIER = mediassumani.Shopify;
				PRODUCT_NAME = "$(TARGET_NAME)";
				SWIFT_VERSION = 4.2;
				TARGETED_DEVICE_FAMILY = "1,2";
			};
			name = Debug;
		};
		B87856F2224BEC5B00E3148F /* Release */ = {
			isa = XCBuildConfiguration;
			buildSettings = {
				ASSETCATALOG_COMPILER_APPICON_NAME = AppIcon;
				CODE_SIGN_STYLE = Automatic;
				DEVELOPMENT_TEAM = 966X5T4Q98;
				INFOPLIST_FILE = Shopify/Info.plist;
				LD_RUNPATH_SEARCH_PATHS = (
					"$(inherited)",
					"@executable_path/Frameworks",
				);
				PRODUCT_BUNDLE_IDENTIFIER = mediassumani.Shopify;
				PRODUCT_NAME = "$(TARGET_NAME)";
				SWIFT_VERSION = 4.2;
				TARGETED_DEVICE_FAMILY = "1,2";
			};
			name = Release;
		};
		B87856F4224BEC5B00E3148F /* Debug */ = {
			isa = XCBuildConfiguration;
			buildSettings = {
				ALWAYS_EMBED_SWIFT_STANDARD_LIBRARIES = YES;
				BUNDLE_LOADER = "$(TEST_HOST)";
				CODE_SIGN_STYLE = Automatic;
				DEVELOPMENT_TEAM = 966X5T4Q98;
				INFOPLIST_FILE = ShopifyTests/Info.plist;
				LD_RUNPATH_SEARCH_PATHS = (
					"$(inherited)",
					"@executable_path/Frameworks",
					"@loader_path/Frameworks",
				);
				PRODUCT_BUNDLE_IDENTIFIER = mediassumani.ShopifyTests;
				PRODUCT_NAME = "$(TARGET_NAME)";
				SWIFT_VERSION = 4.2;
				TARGETED_DEVICE_FAMILY = "1,2";
				TEST_HOST = "$(BUILT_PRODUCTS_DIR)/Shopify.app/Shopify";
			};
			name = Debug;
		};
		B87856F5224BEC5B00E3148F /* Release */ = {
			isa = XCBuildConfiguration;
			buildSettings = {
				ALWAYS_EMBED_SWIFT_STANDARD_LIBRARIES = YES;
				BUNDLE_LOADER = "$(TEST_HOST)";
				CODE_SIGN_STYLE = Automatic;
				DEVELOPMENT_TEAM = 966X5T4Q98;
				INFOPLIST_FILE = ShopifyTests/Info.plist;
				LD_RUNPATH_SEARCH_PATHS = (
					"$(inherited)",
					"@executable_path/Frameworks",
					"@loader_path/Frameworks",
				);
				PRODUCT_BUNDLE_IDENTIFIER = mediassumani.ShopifyTests;
				PRODUCT_NAME = "$(TARGET_NAME)";
				SWIFT_VERSION = 4.2;
				TARGETED_DEVICE_FAMILY = "1,2";
				TEST_HOST = "$(BUILT_PRODUCTS_DIR)/Shopify.app/Shopify";
			};
			name = Release;
		};
		B87856F7224BEC5B00E3148F /* Debug */ = {
			isa = XCBuildConfiguration;
			buildSettings = {
				ALWAYS_EMBED_SWIFT_STANDARD_LIBRARIES = YES;
				CODE_SIGN_STYLE = Automatic;
				DEVELOPMENT_TEAM = 966X5T4Q98;
				INFOPLIST_FILE = ShopifyUITests/Info.plist;
				LD_RUNPATH_SEARCH_PATHS = (
					"$(inherited)",
					"@executable_path/Frameworks",
					"@loader_path/Frameworks",
				);
				PRODUCT_BUNDLE_IDENTIFIER = mediassumani.ShopifyUITests;
				PRODUCT_NAME = "$(TARGET_NAME)";
				SWIFT_VERSION = 4.2;
				TARGETED_DEVICE_FAMILY = "1,2";
				TEST_TARGET_NAME = Shopify;
			};
			name = Debug;
		};
		B87856F8224BEC5B00E3148F /* Release */ = {
			isa = XCBuildConfiguration;
			buildSettings = {
				ALWAYS_EMBED_SWIFT_STANDARD_LIBRARIES = YES;
				CODE_SIGN_STYLE = Automatic;
				DEVELOPMENT_TEAM = 966X5T4Q98;
				INFOPLIST_FILE = ShopifyUITests/Info.plist;
				LD_RUNPATH_SEARCH_PATHS = (
					"$(inherited)",
					"@executable_path/Frameworks",
					"@loader_path/Frameworks",
				);
				PRODUCT_BUNDLE_IDENTIFIER = mediassumani.ShopifyUITests;
				PRODUCT_NAME = "$(TARGET_NAME)";
				SWIFT_VERSION = 4.2;
				TARGETED_DEVICE_FAMILY = "1,2";
				TEST_TARGET_NAME = Shopify;
			};
			name = Release;
		};
/* End XCBuildConfiguration section */

/* Begin XCConfigurationList section */
		B87856C3224BEC5900E3148F /* Build configuration list for PBXProject "Shopify" */ = {
			isa = XCConfigurationList;
			buildConfigurations = (
				B87856EE224BEC5B00E3148F /* Debug */,
				B87856EF224BEC5B00E3148F /* Release */,
			);
			defaultConfigurationIsVisible = 0;
			defaultConfigurationName = Release;
		};
		B87856F0224BEC5B00E3148F /* Build configuration list for PBXNativeTarget "Shopify" */ = {
			isa = XCConfigurationList;
			buildConfigurations = (
				B87856F1224BEC5B00E3148F /* Debug */,
				B87856F2224BEC5B00E3148F /* Release */,
			);
			defaultConfigurationIsVisible = 0;
			defaultConfigurationName = Release;
		};
		B87856F3224BEC5B00E3148F /* Build configuration list for PBXNativeTarget "ShopifyTests" */ = {
			isa = XCConfigurationList;
			buildConfigurations = (
				B87856F4224BEC5B00E3148F /* Debug */,
				B87856F5224BEC5B00E3148F /* Release */,
			);
			defaultConfigurationIsVisible = 0;
			defaultConfigurationName = Release;
		};
		B87856F6224BEC5B00E3148F /* Build configuration list for PBXNativeTarget "ShopifyUITests" */ = {
			isa = XCConfigurationList;
			buildConfigurations = (
				B87856F7224BEC5B00E3148F /* Debug */,
				B87856F8224BEC5B00E3148F /* Release */,
			);
			defaultConfigurationIsVisible = 0;
			defaultConfigurationName = Release;
		};
/* End XCConfigurationList section */
	};
	rootObject = B87856C0224BEC5900E3148F /* Project object */;
}
